
Microsoft Visual Studio Solution File, Format Version 12.00
# Visual Studio Version 16
VisualStudioVersion = 16.0.30128.74
MinimumVisualStudioVersion = 10.0.40219.1
Project("{FAE04EC0-301F-11D3-BF4B-00C04F79EFBC}") = "Массивы 16.06 №1", "Массивы 16.06 №1\Массивы 16.06 №1.csproj", "{43461A2F-3998-45AC-9086-F9805926426B}"
EndProject
Global
	GlobalSection(SolutionConfigurationPlatforms) = preSolution
		Debug|Any CPU = Debug|Any CPU
		Release|Any CPU = Release|Any CPU
	EndGlobalSection
	GlobalSection(ProjectConfigurationPlatforms) = postSolution
		{43461A2F-3998-45AC-9086-F9805926426B}.Debug|Any CPU.ActiveCfg = Debug|Any CPU
		{43461A2F-3998-45AC-9086-F9805926426B}.Debug|Any CPU.Build.0 = Debug|Any CPU
		{43461A2F-3998-45AC-9086-F9805926426B}.Release|Any CPU.ActiveCfg = Release|Any CPU
		{43461A2F-3998-45AC-9086-F9805926426B}.Release|Any CPU.Build.0 = Release|Any CPU
	EndGlobalSection
	GlobalSection(SolutionProperties) = preSolution
		HideSolutionNode = FALSE
	EndGlobalSection
	GlobalSection(ExtensibilityGlobals) = postSolution
		SolutionGuid = {27A71E70-B094-4AB4-9C1F-17AB33EBB53E}
	EndGlobalSection
EndGlobal
